
Microsoft Visual Studio Solution File, Format Version 11.00
# Visual Studio 2010
Project("{8BC9CEB8-8B4A-11D0-8D11-00A0C91BC942}") = "work11", "work11\work11.vcxproj", "{A857E932-9B48-4478-A270-45C2B8DF333F}"
EndProject
Global
	GlobalSection(SolutionConfigurationPlatforms) = preSolution
		Debug|Win32 = Debug|Win32
		Release|Win32 = Release|Win32
	EndGlobalSection
	GlobalSection(ProjectConfigurationPlatforms) = postSolution
		{A857E932-9B48-4478-A270-45C2B8DF333F}.Debug|Win32.ActiveCfg = Debug|Win32
		{A857E932-9B48-4478-A270-45C2B8DF333F}.Debug|Win32.Build.0 = Debug|Win32
		{A857E932-9B48-4478-A270-45C2B8DF333F}.Release|Win32.ActiveCfg = Release|Win32
		{A857E932-9B48-4478-A270-45C2B8DF333F}.Release|Win32.Build.0 = Release|Win32
	EndGlobalSection
	GlobalSection(SolutionProperties) = preSolution
		HideSolutionNode = FALSE
	EndGlobalSection
EndGlobal
