
Microsoft Visual Studio Solution File, Format Version 11.00
# Visual Studio 2010
Project("{8BC9CEB8-8B4A-11D0-8D11-00A0C91BC942}") = "IMenuTest", "IMenuTest\IMenuTest.vcxproj", "{860C1702-196B-4740-9710-AD23C34D1A59}"
EndProject
Global
	GlobalSection(SolutionConfigurationPlatforms) = preSolution
		Debug|Win32 = Debug|Win32
		Release|Win32 = Release|Win32
	EndGlobalSection
	GlobalSection(ProjectConfigurationPlatforms) = postSolution
		{860C1702-196B-4740-9710-AD23C34D1A59}.Debug|Win32.ActiveCfg = Debug|Win32
		{860C1702-196B-4740-9710-AD23C34D1A59}.Debug|Win32.Build.0 = Debug|Win32
		{860C1702-196B-4740-9710-AD23C34D1A59}.Release|Win32.ActiveCfg = Release|Win32
		{860C1702-196B-4740-9710-AD23C34D1A59}.Release|Win32.Build.0 = Release|Win32
	EndGlobalSection
	GlobalSection(SolutionProperties) = preSolution
		HideSolutionNode = FALSE
	EndGlobalSection
EndGlobal
