
Microsoft Visual Studio Solution File, Format Version 11.00
# Visual Studio 2010
Project("{8BC9CEB8-8B4A-11D0-8D11-00A0C91BC942}") = "ControlText1", "ControlText1\ControlText1.vcxproj", "{0B18370C-E1A5-45A4-9A6C-D855870896C6}"
EndProject
Global
	GlobalSection(SolutionConfigurationPlatforms) = preSolution
		Debug|Win32 = Debug|Win32
		Release|Win32 = Release|Win32
	EndGlobalSection
	GlobalSection(ProjectConfigurationPlatforms) = postSolution
		{0B18370C-E1A5-45A4-9A6C-D855870896C6}.Debug|Win32.ActiveCfg = Debug|Win32
		{0B18370C-E1A5-45A4-9A6C-D855870896C6}.Debug|Win32.Build.0 = Debug|Win32
		{0B18370C-E1A5-45A4-9A6C-D855870896C6}.Release|Win32.ActiveCfg = Release|Win32
		{0B18370C-E1A5-45A4-9A6C-D855870896C6}.Release|Win32.Build.0 = Release|Win32
	EndGlobalSection
	GlobalSection(SolutionProperties) = preSolution
		HideSolutionNode = FALSE
	EndGlobalSection
EndGlobal
