
Microsoft Visual Studio Solution File, Format Version 11.00
# Visual Studio 2010
Project("{8BC9CEB8-8B4A-11D0-8D11-00A0C91BC942}") = "DyMenu", "DyMenu\DyMenu.vcxproj", "{6FE9B47B-675A-4AF1-B39F-7A88A0FBB58E}"
EndProject
Global
	GlobalSection(SolutionConfigurationPlatforms) = preSolution
		Debug|Win32 = Debug|Win32
		Release|Win32 = Release|Win32
	EndGlobalSection
	GlobalSection(ProjectConfigurationPlatforms) = postSolution
		{6FE9B47B-675A-4AF1-B39F-7A88A0FBB58E}.Debug|Win32.ActiveCfg = Debug|Win32
		{6FE9B47B-675A-4AF1-B39F-7A88A0FBB58E}.Debug|Win32.Build.0 = Debug|Win32
		{6FE9B47B-675A-4AF1-B39F-7A88A0FBB58E}.Release|Win32.ActiveCfg = Release|Win32
		{6FE9B47B-675A-4AF1-B39F-7A88A0FBB58E}.Release|Win32.Build.0 = Release|Win32
	EndGlobalSection
	GlobalSection(SolutionProperties) = preSolution
		HideSolutionNode = FALSE
	EndGlobalSection
EndGlobal
